
Microsoft Visual Studio Solution File, Format Version 12.00
# Visual Studio 2013
VisualStudioVersion = 12.0.21005.1
MinimumVisualStudioVersion = 10.0.40219.1
Project("{FAE04EC0-301F-11D3-BF4B-00C04F79EFBC}") = "mockroservices-dotnet", "mockroservices-dotnet\mockroservices-dotnet.csproj", "{6881B4EB-0FDD-482B-B740-6D6BA2566406}"
EndProject
Project("{2150E333-8FDC-42A3-9474-1A3956D46DE8}") = ".nuget", ".nuget", "{65B69F5B-F805-445F-8807-A643B3B3E3CE}"
	ProjectSection(SolutionItems) = preProject
		.nuget\packages.config = .nuget\packages.config
	EndProjectSection
EndProject
Project("{2150E333-8FDC-42A3-9474-1A3956D46DE8}") = "Solution Items", "Solution Items", "{EF54FF2F-CFFF-4334-8469-6B1DE560FDFA}"
	ProjectSection(SolutionItems) = preProject
		LICENSE.txt = LICENSE.txt
		README.md = README.md
	EndProjectSection
EndProject
Global
	GlobalSection(SolutionConfigurationPlatforms) = preSolution
		Debug|Any CPU = Debug|Any CPU
		Release|Any CPU = Release|Any CPU
	EndGlobalSection
	GlobalSection(ProjectConfigurationPlatforms) = postSolution
		{6881B4EB-0FDD-482B-B740-6D6BA2566406}.Debug|Any CPU.ActiveCfg = Debug|Any CPU
		{6881B4EB-0FDD-482B-B740-6D6BA2566406}.Debug|Any CPU.Build.0 = Debug|Any CPU
		{6881B4EB-0FDD-482B-B740-6D6BA2566406}.Release|Any CPU.ActiveCfg = Release|Any CPU
		{6881B4EB-0FDD-482B-B740-6D6BA2566406}.Release|Any CPU.Build.0 = Release|Any CPU
	EndGlobalSection
	GlobalSection(SolutionProperties) = preSolution
		HideSolutionNode = FALSE
	EndGlobalSection
EndGlobal
