Microsoft Visual Studio Solution File, Format Version 12.00
# Visual Studio 15
VisualStudioVersion = 15.0.27428.2037
MinimumVisualStudioVersion = 10.0.40219.1
Project("{2150E333-8FDC-42A3-9474-1A3956D46DE8}") = "Solution Items", "Solution Items", "{EF54FF2F-CFFF-4334-8469-6B1DE560FDFA}"
ProjectSection(SolutionItems) = preProject
	..\appveyor.yml = ..\appveyor.yml
	..\README.md = ..\README.md
	..\LICENSE = ..\LICENSE
EndProjectSection
EndProject
Project("{FAE04EC0-301F-11D3-BF4B-00C04F79EFBC}") = "VaughnVernon.Mockroservices", "VaughnVernon.Mockroservices\VaughnVernon.Mockroservices.csproj", "{13749012-6F4A-4D48-9A85-4AA41C42F355}"
EndProject
Project("{FAE04EC0-301F-11D3-BF4B-00C04F79EFBC}") = "VaughnVernon.Mockroservices.Tests", "VaughnVernon.Mockroservices.Tests\VaughnVernon.Mockroservices.Tests.csproj", "{5E7BB4DE-4C36-49CE-9621-88D7F40B558B}"
EndProject
Global
	GlobalSection(SolutionConfigurationPlatforms) = preSolution
		Debug|Any CPU = Debug|Any CPU
		Release|Any CPU = Release|Any CPU
	EndGlobalSection
	GlobalSection(ProjectConfigurationPlatforms) = postSolution
		{13749012-6F4A-4D48-9A85-4AA41C42F355}.Debug|Any CPU.ActiveCfg = Debug|Any CPU
		{13749012-6F4A-4D48-9A85-4AA41C42F355}.Debug|Any CPU.Build.0 = Debug|Any CPU
		{13749012-6F4A-4D48-9A85-4AA41C42F355}.Release|Any CPU.ActiveCfg = Release|Any CPU
		{13749012-6F4A-4D48-9A85-4AA41C42F355}.Release|Any CPU.Build.0 = Release|Any CPU
		{5E7BB4DE-4C36-49CE-9621-88D7F40B558B}.Debug|Any CPU.ActiveCfg = Debug|Any CPU
		{5E7BB4DE-4C36-49CE-9621-88D7F40B558B}.Debug|Any CPU.Build.0 = Debug|Any CPU
		{5E7BB4DE-4C36-49CE-9621-88D7F40B558B}.Release|Any CPU.ActiveCfg = Release|Any CPU
		{5E7BB4DE-4C36-49CE-9621-88D7F40B558B}.Release|Any CPU.Build.0 = Release|Any CPU
	EndGlobalSection
	GlobalSection(SolutionProperties) = preSolution
		HideSolutionNode = FALSE
	EndGlobalSection
EndGlobal
